Microsoft Visual Studio Solution File, Format Version 12.00
# Visual Studio 2013
VisualStudioVersion = 12.0.31101.0
MinimumVisualStudioVersion = 10.0.40219.1
Project("{FAE04EC0-301F-11D3-BF4B-00C04F79EFBC}") = "Mana.Cards.Client", "Mana.Cards.Client\Mana.Cards.Client.csproj", "{E79801B5-7BEF-4A10-9D97-E699B16E0359}"
EndProject
Project("{FAE04EC0-301F-11D3-BF4B-00C04F79EFBC}") = "Mana.Cards.API", "Mana.Cards.API\Mana.Cards.API.csproj", "{A277B103-9616-4FA7-973E-71A844C94B81}"
EndProject
Project("{FAE04EC0-301F-11D3-BF4B-00C04F79EFBC}") = "Mana.Cards.OfflineAPI", "Mana.Cards.OfflineAPI\Mana.Cards.OfflineAPI.csproj", "{DD56F3DE-50C6-42B6-8A3B-719F5609FDD1}"
EndProject
Project("{FAE04EC0-301F-11D3-BF4B-00C04F79EFBC}") = "Mana.Cards.Client.Registration", "Mana.Cards.Client.Registration\Mana.Cards.Client.Registration.csproj", "{DCAE55C6-01C7-45C9-979E-0D8D1F603779}"
EndProject
Global
	GlobalSection(SolutionConfigurationPlatforms) = preSolution
		Executable|Any CPU = Executable|Any CPU
		Executable|x86 = Executable|x86
		Library|Any CPU = Library|Any CPU
		Library|x86 = Library|x86
	EndGlobalSection
	GlobalSection(ProjectConfigurationPlatforms) = postSolution
		{E79801B5-7BEF-4A10-9D97-E699B16E0359}.Executable|Any CPU.ActiveCfg = Executable|Any CPU
		{E79801B5-7BEF-4A10-9D97-E699B16E0359}.Executable|Any CPU.Build.0 = Executable|Any CPU
		{E79801B5-7BEF-4A10-9D97-E699B16E0359}.Executable|x86.ActiveCfg = Executable|Any CPU
		{E79801B5-7BEF-4A10-9D97-E699B16E0359}.Library|Any CPU.ActiveCfg = Library|Any CPU
		{E79801B5-7BEF-4A10-9D97-E699B16E0359}.Library|Any CPU.Build.0 = Library|Any CPU
		{E79801B5-7BEF-4A10-9D97-E699B16E0359}.Library|x86.ActiveCfg = Library|Any CPU
		{A277B103-9616-4FA7-973E-71A844C94B81}.Executable|Any CPU.ActiveCfg = Executable|Any CPU
		{A277B103-9616-4FA7-973E-71A844C94B81}.Executable|Any CPU.Build.0 = Executable|Any CPU
		{A277B103-9616-4FA7-973E-71A844C94B81}.Executable|x86.ActiveCfg = Executable|Any CPU
		{A277B103-9616-4FA7-973E-71A844C94B81}.Library|Any CPU.ActiveCfg = Library|Any CPU
		{A277B103-9616-4FA7-973E-71A844C94B81}.Library|Any CPU.Build.0 = Library|Any CPU
		{A277B103-9616-4FA7-973E-71A844C94B81}.Library|x86.ActiveCfg = Library|Any CPU
		{DD56F3DE-50C6-42B6-8A3B-719F5609FDD1}.Executable|Any CPU.ActiveCfg = Executable|Any CPU
		{DD56F3DE-50C6-42B6-8A3B-719F5609FDD1}.Executable|Any CPU.Build.0 = Executable|Any CPU
		{DD56F3DE-50C6-42B6-8A3B-719F5609FDD1}.Executable|x86.ActiveCfg = Executable|Any CPU
		{DD56F3DE-50C6-42B6-8A3B-719F5609FDD1}.Library|Any CPU.ActiveCfg = Library|Any CPU
		{DD56F3DE-50C6-42B6-8A3B-719F5609FDD1}.Library|Any CPU.Build.0 = Library|Any CPU
		{DD56F3DE-50C6-42B6-8A3B-719F5609FDD1}.Library|x86.ActiveCfg = Library|Any CPU
		{DCAE55C6-01C7-45C9-979E-0D8D1F603779}.Executable|Any CPU.ActiveCfg = Executable|Any CPU
		{DCAE55C6-01C7-45C9-979E-0D8D1F603779}.Executable|Any CPU.Build.0 = Executable|Any CPU
		{DCAE55C6-01C7-45C9-979E-0D8D1F603779}.Executable|x86.ActiveCfg = Executable|Any CPU
		{DCAE55C6-01C7-45C9-979E-0D8D1F603779}.Library|Any CPU.ActiveCfg = Library|Any CPU
		{DCAE55C6-01C7-45C9-979E-0D8D1F603779}.Library|Any CPU.Build.0 = Library|Any CPU
		{DCAE55C6-01C7-45C9-979E-0D8D1F603779}.Library|x86.ActiveCfg = Library|Any CPU
	EndGlobalSection
	GlobalSection(SolutionProperties) = preSolution
		HideSolutionNode = FALSE
	EndGlobalSection
EndGlobal
